# This file is automatically @generated by Cargo.
# It is not intended for manual editing.
version = 4

[[package]]
name = "action_msgs"
version = "2.0.3"
dependencies = [
 "builtin_interfaces",
 "rosidl_runtime_rs",
 "unique_identifier_msgs",
]

[[package]]
name = "builtin_interfaces"
version = "2.0.3"
dependencies = [
 "rosidl_runtime_rs",
]

[[package]]
name = "cfg-if"
version = "1.0.4"
source = "registry+https://github.com/rust-lang/crates.io-index"
checksum = "9330f8b2ff13f34540b44e946ef35111825727b38d33286ef986142615121801"

[[package]]
name = "control_msgs"
version = "5.5.0"
dependencies = [
 "action_msgs",
 "builtin_interfaces",
 "geometry_msgs",
 "rosidl_runtime_rs",
 "sensor_msgs",
 "std_msgs",
 "trajectory_msgs",
 "unique_identifier_msgs",
]

[[package]]
name = "diagnostic_msgs"
version = "5.3.6"
dependencies = [
 "rosidl_runtime_rs",
 "std_msgs",
]

[[package]]
name = "geographic_msgs"
version = "1.0.6"
dependencies = [
 "geometry_msgs",
 "rosidl_runtime_rs",
 "std_msgs",
 "unique_identifier_msgs",
]

[[package]]
name = "geometry_msgs"
version = "5.3.6"
dependencies = [
 "rosidl_runtime_rs",
 "std_msgs",
]

[[package]]
name = "moveit_msgs"
version = "2.6.0"
dependencies = [
 "action_msgs",
 "builtin_interfaces",
 "geometry_msgs",
 "object_recognition_msgs",
 "octomap_msgs",
 "rosidl_runtime_rs",
 "sensor_msgs",
 "shape_msgs",
 "std_msgs",
 "trajectory_msgs",
 "unique_identifier_msgs",
]

[[package]]
name = "nav2_msgs"
version = "1.3.9"
dependencies = [
 "action_msgs",
 "builtin_interfaces",
 "geographic_msgs",
 "geometry_msgs",
 "nav_msgs",
 "rosidl_runtime_rs",
 "std_msgs",
 "unique_identifier_msgs",
]

[[package]]
name = "nav_msgs"
version = "5.3.6"
dependencies = [
 "builtin_interfaces",
 "geometry_msgs",
 "rosidl_runtime_rs",
 "std_msgs",
]

[[package]]
name = "object_recognition_msgs"
version = "2.0.0"
dependencies = [
 "action_msgs",
 "builtin_interfaces",
 "geometry_msgs",
 "rosidl_runtime_rs",
 "sensor_msgs",
 "shape_msgs",
 "std_msgs",
 "unique_identifier_msgs",
]

[[package]]
name = "octomap_msgs"
version = "2.0.1"
dependencies = [
 "geometry_msgs",
 "rosidl_runtime_rs",
 "std_msgs",
]

[[package]]
name = "robot_controller"
version = "0.1.0"
dependencies = [
 "action_msgs",
 "builtin_interfaces",
 "control_msgs",
 "diagnostic_msgs",
 "geometry_msgs",
 "moveit_msgs",
 "nav2_msgs",
 "nav_msgs",
 "robot_interfaces",
 "sensor_msgs",
 "std_msgs",
 "trajectory_msgs",
]

[[package]]
name = "robot_interfaces"
version = "0.1.0"
dependencies = [
 "action_msgs",
 "builtin_interfaces",
 "control_msgs",
 "diagnostic_msgs",
 "geometry_msgs",
 "moveit_msgs",
 "nav2_msgs",
 "rosidl_runtime_rs",
 "std_msgs",
 "test_msgs",
 "trajectory_msgs",
 "unique_identifier_msgs",
]

[[package]]
name = "rosidl_runtime_rs"
version = "0.5.0"
source = "registry+https://github.com/rust-lang/crates.io-index"
checksum = "b00ea2ee34606be89514fe2ba100b5fc6165e0f682824f1462f9b09105975566"
dependencies = [
 "cfg-if",
]

[[package]]
name = "sensor_msgs"
version = "5.3.6"
dependencies = [
 "builtin_interfaces",
 "geometry_msgs",
 "rosidl_runtime_rs",
 "std_msgs",
]

[[package]]
name = "shape_msgs"
version = "5.3.6"
dependencies = [
 "geometry_msgs",
 "rosidl_runtime_rs",
]

[[package]]
name = "std_msgs"
version = "5.3.6"
dependencies = [
 "builtin_interfaces",
 "rosidl_runtime_rs",
]

[[package]]
name = "test_msgs"
version = "2.0.3"
dependencies = [
 "action_msgs",
 "builtin_interfaces",
 "rosidl_runtime_rs",
 "unique_identifier_msgs",
]

[[package]]
name = "trajectory_msgs"
version = "5.3.6"
dependencies = [
 "builtin_interfaces",
 "geometry_msgs",
 "rosidl_runtime_rs",
 "std_msgs",
]

[[package]]
name = "unique_identifier_msgs"
version = "2.5.0"
dependencies = [
 "rosidl_runtime_rs",
]

[[patch.unused]]
name = "action_tutorials_interfaces"
version = "0.33.6"

[[patch.unused]]
name = "actionlib_msgs"
version = "5.3.6"

[[patch.unused]]
name = "actuator_msgs"
version = "0.0.1"

[[patch.unused]]
name = "composition_interfaces"
version = "2.0.3"

[[patch.unused]]
name = "example_interfaces"
version = "0.12.0"

[[patch.unused]]
name = "gps_msgs"
version = "2.1.1"

[[patch.unused]]
name = "lifecycle_msgs"
version = "2.0.3"

[[patch.unused]]
name = "logging_demo"
version = "0.33.6"

[[patch.unused]]
name = "map_msgs"
version = "2.4.1"

[[patch.unused]]
name = "pcl_msgs"
version = "1.0.0"

[[patch.unused]]
name = "pendulum_msgs"
version = "0.33.6"

[[patch.unused]]
name = "rcl_interfaces"
version = "2.0.3"

[[patch.unused]]
name = "rmw_dds_common"
version = "3.1.0"

[[patch.unused]]
name = "ros_gz_interfaces"
version = "1.0.16"

[[patch.unused]]
name = "rosbag2_interfaces"
version = "0.26.9"

[[patch.unused]]
name = "rosgraph_msgs"
version = "2.0.3"

[[patch.unused]]
name = "service_msgs"
version = "2.0.3"

[[patch.unused]]
name = "statistics_msgs"
version = "2.0.3"

[[patch.unused]]
name = "std_srvs"
version = "5.3.6"

[[patch.unused]]
name = "stereo_msgs"
version = "5.3.6"

[[patch.unused]]
name = "tf2_msgs"
version = "0.36.14"

[[patch.unused]]
name = "theora_image_transport"
version = "4.0.6"

[[patch.unused]]
name = "turtlesim"
version = "1.8.3"

[[patch.unused]]
name = "type_description_interfaces"
version = "2.0.3"

[[patch.unused]]
name = "velodyne_msgs"
version = "2.5.1"

[[patch.unused]]
name = "vision_msgs"
version = "4.1.1"

[[patch.unused]]
name = "visualization_msgs"
version = "5.3.6"
