# This file is automatically @generated by Cargo.
# It is not intended for manual editing.
version = 4

[[package]]
name = "builtin_interfaces"
version = "0.1.0"
dependencies = [
 "rosidl_runtime_rs",
]

[[package]]
name = "geometry_msgs"
version = "0.1.0"
dependencies = [
 "rosidl_runtime_rs",
 "std_msgs",
]

[[package]]
name = "robot_controller"
version = "0.1.0"
dependencies = [
 "builtin_interfaces",
 "geometry_msgs",
 "robot_interfaces",
 "sensor_msgs",
 "std_msgs",
]

[[package]]
name = "robot_interfaces"
version = "0.1.0"
dependencies = [
 "geometry_msgs",
 "rosidl_runtime_rs",
 "std_msgs",
]

[[package]]
name = "rosidl_runtime_rs"
version = "0.1.0"

[[package]]
name = "sensor_msgs"
version = "0.1.0"
dependencies = [
 "builtin_interfaces",
 "geometry_msgs",
 "rosidl_runtime_rs",
 "std_msgs",
]

[[package]]
name = "std_msgs"
version = "0.1.0"
dependencies = [
 "builtin_interfaces",
 "rosidl_runtime_rs",
]

[[patch.unused]]
name = "action_msgs"
version = "0.1.0"

[[patch.unused]]
name = "action_tutorials_interfaces"
version = "0.1.0"

[[patch.unused]]
name = "actionlib_msgs"
version = "0.1.0"

[[patch.unused]]
name = "actuator_msgs"
version = "0.1.0"

[[patch.unused]]
name = "composition_interfaces"
version = "0.1.0"

[[patch.unused]]
name = "diagnostic_msgs"
version = "0.1.0"

[[patch.unused]]
name = "example_interfaces"
version = "0.1.0"

[[patch.unused]]
name = "gps_msgs"
version = "0.1.0"

[[patch.unused]]
name = "lifecycle_msgs"
version = "0.1.0"

[[patch.unused]]
name = "logging_demo"
version = "0.1.0"

[[patch.unused]]
name = "map_msgs"
version = "0.1.0"

[[patch.unused]]
name = "nav_msgs"
version = "0.1.0"

[[patch.unused]]
name = "pcl_msgs"
version = "0.1.0"

[[patch.unused]]
name = "pendulum_msgs"
version = "0.1.0"

[[patch.unused]]
name = "rcl_interfaces"
version = "0.1.0"

[[patch.unused]]
name = "rclrs"
version = "0.6.0"

[[patch.unused]]
name = "rmw_dds_common"
version = "0.1.0"

[[patch.unused]]
name = "ros_gz_interfaces"
version = "0.1.0"

[[patch.unused]]
name = "rosbag2_interfaces"
version = "0.1.0"

[[patch.unused]]
name = "rosgraph_msgs"
version = "0.1.0"

[[patch.unused]]
name = "service_msgs"
version = "0.1.0"

[[patch.unused]]
name = "shape_msgs"
version = "0.1.0"

[[patch.unused]]
name = "statistics_msgs"
version = "0.1.0"

[[patch.unused]]
name = "std_srvs"
version = "0.1.0"

[[patch.unused]]
name = "stereo_msgs"
version = "0.1.0"

[[patch.unused]]
name = "tf2_msgs"
version = "0.1.0"

[[patch.unused]]
name = "theora_image_transport"
version = "0.1.0"

[[patch.unused]]
name = "trajectory_msgs"
version = "0.1.0"

[[patch.unused]]
name = "turtlesim"
version = "0.1.0"

[[patch.unused]]
name = "type_description_interfaces"
version = "0.1.0"

[[patch.unused]]
name = "unique_identifier_msgs"
version = "0.1.0"

[[patch.unused]]
name = "vision_msgs"
version = "0.1.0"

[[patch.unused]]
name = "visualization_msgs"
version = "0.1.0"
